
Microsoft Visual Studio Solution File, Format Version 12.00
# Visual Studio Version 16
VisualStudioVersion = 16.0.29201.188
MinimumVisualStudioVersion = 15.0.26124.0
Project("{2150E333-8FDC-42A3-9474-1A3956D46DE8}") = "Identity", "Identity", "{4A0FB887-089D-4166-BAF1-33B9B4F903FB}"
EndProject
Project("{2150E333-8FDC-42A3-9474-1A3956D46DE8}") = "src", "src", "{E40EFDA9-B98B-4C48-B83E-13B7F4998D16}"
EndProject
Project("{9A19103F-16F7-4668-BE54-9A1E7A4F7556}") = "IdentityServer", "quickstart\src\IdentityServer\IdentityServer.csproj", "{8C03E53A-0460-4278-A9A8-DA614D9EBF19}"
EndProject
Project("{9A19103F-16F7-4668-BE54-9A1E7A4F7556}") = "Api", "quickstart\src\Api\Api.csproj", "{009A47EA-91BA-410D-84B3-F87CBA56497E}"
EndProject
Project("{9A19103F-16F7-4668-BE54-9A1E7A4F7556}") = "Client", "quickstart\src\Client\Client.csproj", "{886F7C9F-B58C-476F-98BB-0467EA86D9FA}"
EndProject
Project("{9A19103F-16F7-4668-BE54-9A1E7A4F7556}") = "testUser", "quickstart\src\testUser\testUser.csproj", "{D146FC2B-84A1-4318-A9AF-D06020A0F6DC}"
EndProject
Project("{9A19103F-16F7-4668-BE54-9A1E7A4F7556}") = "mvcClient", "mvcClient\mvcClient.csproj", "{B9AF950B-D360-4A0D-841D-E76E55B5D2F5}"
EndProject
Project("{9A19103F-16F7-4668-BE54-9A1E7A4F7556}") = "fundabiemAPI", "fundabiemAPI\fundabiemAPI.csproj", "{C29F9641-8BF8-486E-B7E5-FBA26AEA5BC7}"
EndProject
Project("{2150E333-8FDC-42A3-9474-1A3956D46DE8}") = "services", "services", "{EAEE6647-A608-4515-98A0-8F9B3490E06D}"
EndProject
Project("{9A19103F-16F7-4668-BE54-9A1E7A4F7556}") = "BrokerServices", "BrokerServices\BrokerServices.csproj", "{1B8D2935-1B2D-4B02-86D3-3AA4DA6960E7}"
EndProject
Project("{9A19103F-16F7-4668-BE54-9A1E7A4F7556}") = "EntityModelFundabien", "DataAccess\EntityModelFundabien\EntityModelFundabien.csproj", "{F23912E4-7637-4B62-B9C2-98A0258A52E5}"
EndProject
Project("{9A19103F-16F7-4668-BE54-9A1E7A4F7556}") = "Ethos", "AdminUsers\Ethos.csproj", "{F327C526-30E2-4505-851D-F209B20EC83B}"
EndProject
Global
	GlobalSection(SolutionConfigurationPlatforms) = preSolution
		Debug|Any CPU = Debug|Any CPU
		Debug|x64 = Debug|x64
		Debug|x86 = Debug|x86
		Release|Any CPU = Release|Any CPU
		Release|x64 = Release|x64
		Release|x86 = Release|x86
	EndGlobalSection
	GlobalSection(ProjectConfigurationPlatforms) = postSolution
		{8C03E53A-0460-4278-A9A8-DA614D9EBF19}.Debug|Any CPU.ActiveCfg = Debug|Any CPU
		{8C03E53A-0460-4278-A9A8-DA614D9EBF19}.Debug|Any CPU.Build.0 = Debug|Any CPU
		{8C03E53A-0460-4278-A9A8-DA614D9EBF19}.Debug|x64.ActiveCfg = Debug|Any CPU
		{8C03E53A-0460-4278-A9A8-DA614D9EBF19}.Debug|x64.Build.0 = Debug|Any CPU
		{8C03E53A-0460-4278-A9A8-DA614D9EBF19}.Debug|x86.ActiveCfg = Debug|Any CPU
		{8C03E53A-0460-4278-A9A8-DA614D9EBF19}.Debug|x86.Build.0 = Debug|Any CPU
		{8C03E53A-0460-4278-A9A8-DA614D9EBF19}.Release|Any CPU.ActiveCfg = Release|Any CPU
		{8C03E53A-0460-4278-A9A8-DA614D9EBF19}.Release|Any CPU.Build.0 = Release|Any CPU
		{8C03E53A-0460-4278-A9A8-DA614D9EBF19}.Release|x64.ActiveCfg = Release|Any CPU
		{8C03E53A-0460-4278-A9A8-DA614D9EBF19}.Release|x64.Build.0 = Release|Any CPU
		{8C03E53A-0460-4278-A9A8-DA614D9EBF19}.Release|x86.ActiveCfg = Release|Any CPU
		{8C03E53A-0460-4278-A9A8-DA614D9EBF19}.Release|x86.Build.0 = Release|Any CPU
		{009A47EA-91BA-410D-84B3-F87CBA56497E}.Debug|Any CPU.ActiveCfg = Debug|Any CPU
		{009A47EA-91BA-410D-84B3-F87CBA56497E}.Debug|Any CPU.Build.0 = Debug|Any CPU
		{009A47EA-91BA-410D-84B3-F87CBA56497E}.Debug|x64.ActiveCfg = Debug|Any CPU
		{009A47EA-91BA-410D-84B3-F87CBA56497E}.Debug|x64.Build.0 = Debug|Any CPU
		{009A47EA-91BA-410D-84B3-F87CBA56497E}.Debug|x86.ActiveCfg = Debug|Any CPU
		{009A47EA-91BA-410D-84B3-F87CBA56497E}.Debug|x86.Build.0 = Debug|Any CPU
		{009A47EA-91BA-410D-84B3-F87CBA56497E}.Release|Any CPU.ActiveCfg = Release|Any CPU
		{009A47EA-91BA-410D-84B3-F87CBA56497E}.Release|Any CPU.Build.0 = Release|Any CPU
		{009A47EA-91BA-410D-84B3-F87CBA56497E}.Release|x64.ActiveCfg = Release|Any CPU
		{009A47EA-91BA-410D-84B3-F87CBA56497E}.Release|x64.Build.0 = Release|Any CPU
		{009A47EA-91BA-410D-84B3-F87CBA56497E}.Release|x86.ActiveCfg = Release|Any CPU
		{009A47EA-91BA-410D-84B3-F87CBA56497E}.Release|x86.Build.0 = Release|Any CPU
		{886F7C9F-B58C-476F-98BB-0467EA86D9FA}.Debug|Any CPU.ActiveCfg = Debug|Any CPU
		{886F7C9F-B58C-476F-98BB-0467EA86D9FA}.Debug|Any CPU.Build.0 = Debug|Any CPU
		{886F7C9F-B58C-476F-98BB-0467EA86D9FA}.Debug|x64.ActiveCfg = Debug|Any CPU
		{886F7C9F-B58C-476F-98BB-0467EA86D9FA}.Debug|x64.Build.0 = Debug|Any CPU
		{886F7C9F-B58C-476F-98BB-0467EA86D9FA}.Debug|x86.ActiveCfg = Debug|Any CPU
		{886F7C9F-B58C-476F-98BB-0467EA86D9FA}.Debug|x86.Build.0 = Debug|Any CPU
		{886F7C9F-B58C-476F-98BB-0467EA86D9FA}.Release|Any CPU.ActiveCfg = Release|Any CPU
		{886F7C9F-B58C-476F-98BB-0467EA86D9FA}.Release|Any CPU.Build.0 = Release|Any CPU
		{886F7C9F-B58C-476F-98BB-0467EA86D9FA}.Release|x64.ActiveCfg = Release|Any CPU
		{886F7C9F-B58C-476F-98BB-0467EA86D9FA}.Release|x64.Build.0 = Release|Any CPU
		{886F7C9F-B58C-476F-98BB-0467EA86D9FA}.Release|x86.ActiveCfg = Release|Any CPU
		{886F7C9F-B58C-476F-98BB-0467EA86D9FA}.Release|x86.Build.0 = Release|Any CPU
		{D146FC2B-84A1-4318-A9AF-D06020A0F6DC}.Debug|Any CPU.ActiveCfg = Debug|Any CPU
		{D146FC2B-84A1-4318-A9AF-D06020A0F6DC}.Debug|Any CPU.Build.0 = Debug|Any CPU
		{D146FC2B-84A1-4318-A9AF-D06020A0F6DC}.Debug|x64.ActiveCfg = Debug|Any CPU
		{D146FC2B-84A1-4318-A9AF-D06020A0F6DC}.Debug|x64.Build.0 = Debug|Any CPU
		{D146FC2B-84A1-4318-A9AF-D06020A0F6DC}.Debug|x86.ActiveCfg = Debug|Any CPU
		{D146FC2B-84A1-4318-A9AF-D06020A0F6DC}.Debug|x86.Build.0 = Debug|Any CPU
		{D146FC2B-84A1-4318-A9AF-D06020A0F6DC}.Release|Any CPU.ActiveCfg = Release|Any CPU
		{D146FC2B-84A1-4318-A9AF-D06020A0F6DC}.Release|Any CPU.Build.0 = Release|Any CPU
		{D146FC2B-84A1-4318-A9AF-D06020A0F6DC}.Release|x64.ActiveCfg = Release|Any CPU
		{D146FC2B-84A1-4318-A9AF-D06020A0F6DC}.Release|x64.Build.0 = Release|Any CPU
		{D146FC2B-84A1-4318-A9AF-D06020A0F6DC}.Release|x86.ActiveCfg = Release|Any CPU
		{D146FC2B-84A1-4318-A9AF-D06020A0F6DC}.Release|x86.Build.0 = Release|Any CPU
		{B9AF950B-D360-4A0D-841D-E76E55B5D2F5}.Debug|Any CPU.ActiveCfg = Debug|Any CPU
		{B9AF950B-D360-4A0D-841D-E76E55B5D2F5}.Debug|Any CPU.Build.0 = Debug|Any CPU
		{B9AF950B-D360-4A0D-841D-E76E55B5D2F5}.Debug|x64.ActiveCfg = Debug|Any CPU
		{B9AF950B-D360-4A0D-841D-E76E55B5D2F5}.Debug|x64.Build.0 = Debug|Any CPU
		{B9AF950B-D360-4A0D-841D-E76E55B5D2F5}.Debug|x86.ActiveCfg = Debug|Any CPU
		{B9AF950B-D360-4A0D-841D-E76E55B5D2F5}.Debug|x86.Build.0 = Debug|Any CPU
		{B9AF950B-D360-4A0D-841D-E76E55B5D2F5}.Release|Any CPU.ActiveCfg = Release|Any CPU
		{B9AF950B-D360-4A0D-841D-E76E55B5D2F5}.Release|Any CPU.Build.0 = Release|Any CPU
		{B9AF950B-D360-4A0D-841D-E76E55B5D2F5}.Release|x64.ActiveCfg = Release|Any CPU
		{B9AF950B-D360-4A0D-841D-E76E55B5D2F5}.Release|x64.Build.0 = Release|Any CPU
		{B9AF950B-D360-4A0D-841D-E76E55B5D2F5}.Release|x86.ActiveCfg = Release|Any CPU
		{B9AF950B-D360-4A0D-841D-E76E55B5D2F5}.Release|x86.Build.0 = Release|Any CPU
		{C29F9641-8BF8-486E-B7E5-FBA26AEA5BC7}.Debug|Any CPU.ActiveCfg = Debug|Any CPU
		{C29F9641-8BF8-486E-B7E5-FBA26AEA5BC7}.Debug|Any CPU.Build.0 = Debug|Any CPU
		{C29F9641-8BF8-486E-B7E5-FBA26AEA5BC7}.Debug|x64.ActiveCfg = Debug|Any CPU
		{C29F9641-8BF8-486E-B7E5-FBA26AEA5BC7}.Debug|x64.Build.0 = Debug|Any CPU
		{C29F9641-8BF8-486E-B7E5-FBA26AEA5BC7}.Debug|x86.ActiveCfg = Debug|Any CPU
		{C29F9641-8BF8-486E-B7E5-FBA26AEA5BC7}.Debug|x86.Build.0 = Debug|Any CPU
		{C29F9641-8BF8-486E-B7E5-FBA26AEA5BC7}.Release|Any CPU.ActiveCfg = Release|Any CPU
		{C29F9641-8BF8-486E-B7E5-FBA26AEA5BC7}.Release|Any CPU.Build.0 = Release|Any CPU
		{C29F9641-8BF8-486E-B7E5-FBA26AEA5BC7}.Release|x64.ActiveCfg = Release|Any CPU
		{C29F9641-8BF8-486E-B7E5-FBA26AEA5BC7}.Release|x64.Build.0 = Release|Any CPU
		{C29F9641-8BF8-486E-B7E5-FBA26AEA5BC7}.Release|x86.ActiveCfg = Release|Any CPU
		{C29F9641-8BF8-486E-B7E5-FBA26AEA5BC7}.Release|x86.Build.0 = Release|Any CPU
		{1B8D2935-1B2D-4B02-86D3-3AA4DA6960E7}.Debug|Any CPU.ActiveCfg = Debug|Any CPU
		{1B8D2935-1B2D-4B02-86D3-3AA4DA6960E7}.Debug|Any CPU.Build.0 = Debug|Any CPU
		{1B8D2935-1B2D-4B02-86D3-3AA4DA6960E7}.Debug|x64.ActiveCfg = Debug|Any CPU
		{1B8D2935-1B2D-4B02-86D3-3AA4DA6960E7}.Debug|x64.Build.0 = Debug|Any CPU
		{1B8D2935-1B2D-4B02-86D3-3AA4DA6960E7}.Debug|x86.ActiveCfg = Debug|Any CPU
		{1B8D2935-1B2D-4B02-86D3-3AA4DA6960E7}.Debug|x86.Build.0 = Debug|Any CPU
		{1B8D2935-1B2D-4B02-86D3-3AA4DA6960E7}.Release|Any CPU.ActiveCfg = Release|Any CPU
		{1B8D2935-1B2D-4B02-86D3-3AA4DA6960E7}.Release|Any CPU.Build.0 = Release|Any CPU
		{1B8D2935-1B2D-4B02-86D3-3AA4DA6960E7}.Release|x64.ActiveCfg = Release|Any CPU
		{1B8D2935-1B2D-4B02-86D3-3AA4DA6960E7}.Release|x64.Build.0 = Release|Any CPU
		{1B8D2935-1B2D-4B02-86D3-3AA4DA6960E7}.Release|x86.ActiveCfg = Release|Any CPU
		{1B8D2935-1B2D-4B02-86D3-3AA4DA6960E7}.Release|x86.Build.0 = Release|Any CPU
		{F23912E4-7637-4B62-B9C2-98A0258A52E5}.Debug|Any CPU.ActiveCfg = Debug|Any CPU
		{F23912E4-7637-4B62-B9C2-98A0258A52E5}.Debug|Any CPU.Build.0 = Debug|Any CPU
		{F23912E4-7637-4B62-B9C2-98A0258A52E5}.Debug|x64.ActiveCfg = Debug|Any CPU
		{F23912E4-7637-4B62-B9C2-98A0258A52E5}.Debug|x64.Build.0 = Debug|Any CPU
		{F23912E4-7637-4B62-B9C2-98A0258A52E5}.Debug|x86.ActiveCfg = Debug|Any CPU
		{F23912E4-7637-4B62-B9C2-98A0258A52E5}.Debug|x86.Build.0 = Debug|Any CPU
		{F23912E4-7637-4B62-B9C2-98A0258A52E5}.Release|Any CPU.ActiveCfg = Release|Any CPU
		{F23912E4-7637-4B62-B9C2-98A0258A52E5}.Release|Any CPU.Build.0 = Release|Any CPU
		{F23912E4-7637-4B62-B9C2-98A0258A52E5}.Release|x64.ActiveCfg = Release|Any CPU
		{F23912E4-7637-4B62-B9C2-98A0258A52E5}.Release|x64.Build.0 = Release|Any CPU
		{F23912E4-7637-4B62-B9C2-98A0258A52E5}.Release|x86.ActiveCfg = Release|Any CPU
		{F23912E4-7637-4B62-B9C2-98A0258A52E5}.Release|x86.Build.0 = Release|Any CPU
		{F327C526-30E2-4505-851D-F209B20EC83B}.Debug|Any CPU.ActiveCfg = Debug|Any CPU
		{F327C526-30E2-4505-851D-F209B20EC83B}.Debug|Any CPU.Build.0 = Debug|Any CPU
		{F327C526-30E2-4505-851D-F209B20EC83B}.Debug|x64.ActiveCfg = Debug|Any CPU
		{F327C526-30E2-4505-851D-F209B20EC83B}.Debug|x64.Build.0 = Debug|Any CPU
		{F327C526-30E2-4505-851D-F209B20EC83B}.Debug|x86.ActiveCfg = Debug|Any CPU
		{F327C526-30E2-4505-851D-F209B20EC83B}.Debug|x86.Build.0 = Debug|Any CPU
		{F327C526-30E2-4505-851D-F209B20EC83B}.Release|Any CPU.ActiveCfg = Release|Any CPU
		{F327C526-30E2-4505-851D-F209B20EC83B}.Release|Any CPU.Build.0 = Release|Any CPU
		{F327C526-30E2-4505-851D-F209B20EC83B}.Release|x64.ActiveCfg = Release|Any CPU
		{F327C526-30E2-4505-851D-F209B20EC83B}.Release|x64.Build.0 = Release|Any CPU
		{F327C526-30E2-4505-851D-F209B20EC83B}.Release|x86.ActiveCfg = Release|Any CPU
		{F327C526-30E2-4505-851D-F209B20EC83B}.Release|x86.Build.0 = Release|Any CPU
	EndGlobalSection
	GlobalSection(SolutionProperties) = preSolution
		HideSolutionNode = FALSE
	EndGlobalSection
	GlobalSection(NestedProjects) = preSolution
		{E40EFDA9-B98B-4C48-B83E-13B7F4998D16} = {4A0FB887-089D-4166-BAF1-33B9B4F903FB}
		{8C03E53A-0460-4278-A9A8-DA614D9EBF19} = {E40EFDA9-B98B-4C48-B83E-13B7F4998D16}
		{009A47EA-91BA-410D-84B3-F87CBA56497E} = {E40EFDA9-B98B-4C48-B83E-13B7F4998D16}
		{886F7C9F-B58C-476F-98BB-0467EA86D9FA} = {E40EFDA9-B98B-4C48-B83E-13B7F4998D16}
		{D146FC2B-84A1-4318-A9AF-D06020A0F6DC} = {E40EFDA9-B98B-4C48-B83E-13B7F4998D16}
		{1B8D2935-1B2D-4B02-86D3-3AA4DA6960E7} = {EAEE6647-A608-4515-98A0-8F9B3490E06D}
	EndGlobalSection
	GlobalSection(ExtensibilityGlobals) = postSolution
		SolutionGuid = {D89EA547-EAD3-4C58-8D0F-A02D936384CA}
	EndGlobalSection
EndGlobal
